
Microsoft Visual Studio Solution File, Format Version 12.00
# Visual Studio Version 17
VisualStudioVersion = 17.8.34322.80
MinimumVisualStudioVersion = 10.0.40219.1
Project("{FAE04EC0-301F-11D3-BF4B-00C04F79EFBC}") = "8.Building a calculator", "8.Building a calculator.csproj", "{543EEA62-7D7A-41FD-8A00-36FB05927EC0}"
EndProject
Global
	GlobalSection(SolutionConfigurationPlatforms) = preSolution
		Debug|Any CPU = Debug|Any CPU
		Release|Any CPU = Release|Any CPU
	EndGlobalSection
	GlobalSection(ProjectConfigurationPlatforms) = postSolution
		{543EEA62-7D7A-41FD-8A00-36FB05927EC0}.Debug|Any CPU.ActiveCfg = Debug|Any CPU
		{543EEA62-7D7A-41FD-8A00-36FB05927EC0}.Debug|Any CPU.Build.0 = Debug|Any CPU
		{543EEA62-7D7A-41FD-8A00-36FB05927EC0}.Release|Any CPU.ActiveCfg = Release|Any CPU
		{543EEA62-7D7A-41FD-8A00-36FB05927EC0}.Release|Any CPU.Build.0 = Release|Any CPU
	EndGlobalSection
	GlobalSection(SolutionProperties) = preSolution
		HideSolutionNode = FALSE
	EndGlobalSection
	GlobalSection(ExtensibilityGlobals) = postSolution
		SolutionGuid = {1CD5EC21-DC17-4CDD-9CD7-D00AD1F81D4E}
	EndGlobalSection
EndGlobal
